
Microsoft Visual Studio Solution File, Format Version 12.00
# Visual Studio Version 17
VisualStudioVersion = 17.14.36127.28 d17.14
MinimumVisualStudioVersion = 10.0.40219.1
Project("{FAE04EC0-301F-11D3-BF4B-00C04F79EFBC}") = "Atividade 15", "Atividade 15\Atividade 15.csproj", "{FA668EEC-858D-4E97-8572-4D477AFA244A}"
EndProject
Global
	GlobalSection(SolutionConfigurationPlatforms) = preSolution
		Debug|Any CPU = Debug|Any CPU
		Release|Any CPU = Release|Any CPU
	EndGlobalSection
	GlobalSection(ProjectConfigurationPlatforms) = postSolution
		{FA668EEC-858D-4E97-8572-4D477AFA244A}.Debug|Any CPU.ActiveCfg = Debug|Any CPU
		{FA668EEC-858D-4E97-8572-4D477AFA244A}.Debug|Any CPU.Build.0 = Debug|Any CPU
		{FA668EEC-858D-4E97-8572-4D477AFA244A}.Release|Any CPU.ActiveCfg = Release|Any CPU
		{FA668EEC-858D-4E97-8572-4D477AFA244A}.Release|Any CPU.Build.0 = Release|Any CPU
	EndGlobalSection
	GlobalSection(SolutionProperties) = preSolution
		HideSolutionNode = FALSE
	EndGlobalSection
	GlobalSection(ExtensibilityGlobals) = postSolution
		SolutionGuid = {8704178E-430B-4E9B-96AB-F969DB8FF7A3}
	EndGlobalSection
EndGlobal
