
Microsoft Visual Studio Solution File, Format Version 12.00
# Visual Studio Version 17
VisualStudioVersion = 17.14.36127.28 d17.14
MinimumVisualStudioVersion = 10.0.40219.1
Project("{FAE04EC0-301F-11D3-BF4B-00C04F79EFBC}") = "Atividade 07", "Atividade 07\Atividade 07.csproj", "{E2781C0A-185E-4AB5-B180-124A5D8E2DB0}"
EndProject
Global
	GlobalSection(SolutionConfigurationPlatforms) = preSolution
		Debug|Any CPU = Debug|Any CPU
		Release|Any CPU = Release|Any CPU
	EndGlobalSection
	GlobalSection(ProjectConfigurationPlatforms) = postSolution
		{E2781C0A-185E-4AB5-B180-124A5D8E2DB0}.Debug|Any CPU.ActiveCfg = Debug|Any CPU
		{E2781C0A-185E-4AB5-B180-124A5D8E2DB0}.Debug|Any CPU.Build.0 = Debug|Any CPU
		{E2781C0A-185E-4AB5-B180-124A5D8E2DB0}.Release|Any CPU.ActiveCfg = Release|Any CPU
		{E2781C0A-185E-4AB5-B180-124A5D8E2DB0}.Release|Any CPU.Build.0 = Release|Any CPU
	EndGlobalSection
	GlobalSection(SolutionProperties) = preSolution
		HideSolutionNode = FALSE
	EndGlobalSection
	GlobalSection(ExtensibilityGlobals) = postSolution
		SolutionGuid = {5AAF5D62-1C2C-493B-A5A5-E42DDA40A7FF}
	EndGlobalSection
EndGlobal
