
Microsoft Visual Studio Solution File, Format Version 12.00
# Visual Studio Version 17
VisualStudioVersion = 17.14.36127.28 d17.14
MinimumVisualStudioVersion = 10.0.40219.1
Project("{FAE04EC0-301F-11D3-BF4B-00C04F79EFBC}") = "Atividade 13", "Atividade 13\Atividade 13.csproj", "{0501962B-6DE2-430C-910D-060B3AA418B2}"
EndProject
Global
	GlobalSection(SolutionConfigurationPlatforms) = preSolution
		Debug|Any CPU = Debug|Any CPU
		Release|Any CPU = Release|Any CPU
	EndGlobalSection
	GlobalSection(ProjectConfigurationPlatforms) = postSolution
		{0501962B-6DE2-430C-910D-060B3AA418B2}.Debug|Any CPU.ActiveCfg = Debug|Any CPU
		{0501962B-6DE2-430C-910D-060B3AA418B2}.Debug|Any CPU.Build.0 = Debug|Any CPU
		{0501962B-6DE2-430C-910D-060B3AA418B2}.Release|Any CPU.ActiveCfg = Release|Any CPU
		{0501962B-6DE2-430C-910D-060B3AA418B2}.Release|Any CPU.Build.0 = Release|Any CPU
	EndGlobalSection
	GlobalSection(SolutionProperties) = preSolution
		HideSolutionNode = FALSE
	EndGlobalSection
	GlobalSection(ExtensibilityGlobals) = postSolution
		SolutionGuid = {99CE5E71-DC53-4EED-936C-E60B8873B501}
	EndGlobalSection
EndGlobal
