
Microsoft Visual Studio Solution File, Format Version 12.00
# Visual Studio Version 17
VisualStudioVersion = 17.14.36127.28 d17.14
MinimumVisualStudioVersion = 10.0.40219.1
Project("{FAE04EC0-301F-11D3-BF4B-00C04F79EFBC}") = "Atividade Extra", "Atividade Extra\Atividade Extra.csproj", "{0143847D-ACB2-4431-BF54-CF015C223ECD}"
EndProject
Global
	GlobalSection(SolutionConfigurationPlatforms) = preSolution
		Debug|Any CPU = Debug|Any CPU
		Release|Any CPU = Release|Any CPU
	EndGlobalSection
	GlobalSection(ProjectConfigurationPlatforms) = postSolution
		{0143847D-ACB2-4431-BF54-CF015C223ECD}.Debug|Any CPU.ActiveCfg = Debug|Any CPU
		{0143847D-ACB2-4431-BF54-CF015C223ECD}.Debug|Any CPU.Build.0 = Debug|Any CPU
		{0143847D-ACB2-4431-BF54-CF015C223ECD}.Release|Any CPU.ActiveCfg = Release|Any CPU
		{0143847D-ACB2-4431-BF54-CF015C223ECD}.Release|Any CPU.Build.0 = Release|Any CPU
	EndGlobalSection
	GlobalSection(SolutionProperties) = preSolution
		HideSolutionNode = FALSE
	EndGlobalSection
	GlobalSection(ExtensibilityGlobals) = postSolution
		SolutionGuid = {BEF4F355-2175-4922-B0AF-1C4284D29933}
	EndGlobalSection
EndGlobal
