
Microsoft Visual Studio Solution File, Format Version 12.00
# Visual Studio Version 17
VisualStudioVersion = 17.14.36127.28 d17.14
MinimumVisualStudioVersion = 10.0.40219.1
Project("{FAE04EC0-301F-11D3-BF4B-00C04F79EFBC}") = "Atividade Extra 02", "Atividade Extra 02\Atividade Extra 02.csproj", "{4F97D43A-4E74-4413-BD82-CDD463B0F360}"
EndProject
Global
	GlobalSection(SolutionConfigurationPlatforms) = preSolution
		Debug|Any CPU = Debug|Any CPU
		Release|Any CPU = Release|Any CPU
	EndGlobalSection
	GlobalSection(ProjectConfigurationPlatforms) = postSolution
		{4F97D43A-4E74-4413-BD82-CDD463B0F360}.Debug|Any CPU.ActiveCfg = Debug|Any CPU
		{4F97D43A-4E74-4413-BD82-CDD463B0F360}.Debug|Any CPU.Build.0 = Debug|Any CPU
		{4F97D43A-4E74-4413-BD82-CDD463B0F360}.Release|Any CPU.ActiveCfg = Release|Any CPU
		{4F97D43A-4E74-4413-BD82-CDD463B0F360}.Release|Any CPU.Build.0 = Release|Any CPU
	EndGlobalSection
	GlobalSection(SolutionProperties) = preSolution
		HideSolutionNode = FALSE
	EndGlobalSection
	GlobalSection(ExtensibilityGlobals) = postSolution
		SolutionGuid = {3FE01254-E93C-4A9E-A46C-F16A119CC6A2}
	EndGlobalSection
EndGlobal
